
Microsoft Visual Studio Solution File, Format Version 10.00
# Visual Studio 2008
Project("{FAE04EC0-301F-11D3-BF4B-00C04F79EFBC}") = "httptest", "httptest\httptest.csproj", "{D3F9CD75-569C-4429-83F7-3EF8AF4C069B}"
EndProject
Global
	GlobalSection(SolutionConfigurationPlatforms) = preSolution
		Debug|Any CPU = Debug|Any CPU
		Release|Any CPU = Release|Any CPU
	EndGlobalSection
	GlobalSection(ProjectConfigurationPlatforms) = postSolution
		{D3F9CD75-569C-4429-83F7-3EF8AF4C069B}.Debug|Any CPU.ActiveCfg = Debug|Any CPU
		{D3F9CD75-569C-4429-83F7-3EF8AF4C069B}.Debug|Any CPU.Build.0 = Debug|Any CPU
		{D3F9CD75-569C-4429-83F7-3EF8AF4C069B}.Release|Any CPU.ActiveCfg = Release|Any CPU
		{D3F9CD75-569C-4429-83F7-3EF8AF4C069B}.Release|Any CPU.Build.0 = Release|Any CPU
	EndGlobalSection
	GlobalSection(SolutionProperties) = preSolution
		HideSolutionNode = FALSE
	EndGlobalSection
EndGlobal
